
Microsoft Visual Studio Solution File, Format Version 12.00
# Visual Studio 15
VisualStudioVersion = 15.0.28307.1000
MinimumVisualStudioVersion = 10.0.40219.1
Project("{9A19103F-16F7-4668-BE54-9A1E7A4F7556}") = "IpertechCompany.Models", "IpertechCompany.Models\IpertechCompany.Models.csproj", "{8F751AB9-C9A5-4084-99E0-3673FE56D54D}"
EndProject
Project("{9A19103F-16F7-4668-BE54-9A1E7A4F7556}") = "IpertechCompany.DbContext", "IpertechCompany.DbContext\IpertechCompany.DbContext.csproj", "{075E7DA1-B07E-4599-A811-6925A67E02A4}"
EndProject
Project("{9A19103F-16F7-4668-BE54-9A1E7A4F7556}") = "IpertechCompany.IRepositories", "IpertechCompany.IRepositories\IpertechCompany.IRepositories.csproj", "{767DF70E-62D8-4A8B-BA2C-0833B330F94E}"
EndProject
Project("{FAE04EC0-301F-11D3-BF4B-00C04F79EFBC}") = "IpertechCompany.DbRepositories", "IpertechCompany.DbRepositories\IpertechCompany.DbRepositories.csproj", "{39CA6E65-233D-4ACB-8A01-51E3EC439C69}"
EndProject
Global
	GlobalSection(SolutionConfigurationPlatforms) = preSolution
		Debug|Any CPU = Debug|Any CPU
		Release|Any CPU = Release|Any CPU
	EndGlobalSection
	GlobalSection(ProjectConfigurationPlatforms) = postSolution
		{8F751AB9-C9A5-4084-99E0-3673FE56D54D}.Debug|Any CPU.ActiveCfg = Debug|Any CPU
		{8F751AB9-C9A5-4084-99E0-3673FE56D54D}.Debug|Any CPU.Build.0 = Debug|Any CPU
		{8F751AB9-C9A5-4084-99E0-3673FE56D54D}.Release|Any CPU.ActiveCfg = Release|Any CPU
		{8F751AB9-C9A5-4084-99E0-3673FE56D54D}.Release|Any CPU.Build.0 = Release|Any CPU
		{075E7DA1-B07E-4599-A811-6925A67E02A4}.Debug|Any CPU.ActiveCfg = Debug|Any CPU
		{075E7DA1-B07E-4599-A811-6925A67E02A4}.Debug|Any CPU.Build.0 = Debug|Any CPU
		{075E7DA1-B07E-4599-A811-6925A67E02A4}.Release|Any CPU.ActiveCfg = Release|Any CPU
		{075E7DA1-B07E-4599-A811-6925A67E02A4}.Release|Any CPU.Build.0 = Release|Any CPU
		{767DF70E-62D8-4A8B-BA2C-0833B330F94E}.Debug|Any CPU.ActiveCfg = Debug|Any CPU
		{767DF70E-62D8-4A8B-BA2C-0833B330F94E}.Debug|Any CPU.Build.0 = Debug|Any CPU
		{767DF70E-62D8-4A8B-BA2C-0833B330F94E}.Release|Any CPU.ActiveCfg = Release|Any CPU
		{767DF70E-62D8-4A8B-BA2C-0833B330F94E}.Release|Any CPU.Build.0 = Release|Any CPU
		{39CA6E65-233D-4ACB-8A01-51E3EC439C69}.Debug|Any CPU.ActiveCfg = Debug|Any CPU
		{39CA6E65-233D-4ACB-8A01-51E3EC439C69}.Debug|Any CPU.Build.0 = Debug|Any CPU
		{39CA6E65-233D-4ACB-8A01-51E3EC439C69}.Release|Any CPU.ActiveCfg = Release|Any CPU
		{39CA6E65-233D-4ACB-8A01-51E3EC439C69}.Release|Any CPU.Build.0 = Release|Any CPU
	EndGlobalSection
	GlobalSection(SolutionProperties) = preSolution
		HideSolutionNode = FALSE
	EndGlobalSection
	GlobalSection(ExtensibilityGlobals) = postSolution
		SolutionGuid = {54A94C91-3B2D-41A3-90EA-B291F0EDFB59}
	EndGlobalSection
EndGlobal
